// !$*UTF8*$!
{
	archiveVersion = 1;
	classes = {
	};
	objectVersion = 50;
	objects = {

/* Begin PBXBuildFile section */
		AB13ED5C26BBB3A3002F56FF /* AppDelegate.swift in Sources */ = {isa = PBXBuildFile; fileRef = AB13ED5B26BBB3A3002F56FF /* AppDelegate.swift */; };
		AB13ED5E26BBB3A3002F56FF /* SceneDelegate.swift in Sources */ = {isa = PBXBuildFile; fileRef = AB13ED5D26BBB3A3002F56FF /* SceneDelegate.swift */; };
		AB13ED6026BBB3A3002F56FF /* ViewController.swift in Sources */ = {isa = PBXBuildFile; fileRef = AB13ED5F26BBB3A3002F56FF /* ViewController.swift */; };
		AB13ED6326BBB3A3002F56FF /* Main.storyboard in Resources */ = {isa = PBXBuildFile; fileRef = AB13ED6126BBB3A3002F56FF /* Main.storyboard */; };
		AB13ED6526BBB3A4002F56FF /* Assets.xcassets in Resources */ = {isa = PBXBuildFile; fileRef = AB13ED6426BBB3A4002F56FF /* Assets.xcassets */; };
		AB13ED6826BBB3A4002F56FF /* LaunchScreen.storyboard in Resources */ = {isa = PBXBuildFile; fileRef = AB13ED6626BBB3A4002F56FF /* LaunchScreen.storyboard */; };
		B3EFD96EF9259183C3649D51 /* Pods_oonishiReonKadai14.framework in Frameworks */ = {isa = PBXBuildFile; fileRef = E76D3DABF9B72F378AE4B734 /* Pods_oonishiReonKadai14.framework */; };
/* End PBXBuildFile section */

/* Begin PBXFileReference section */
		142DA63AC4F17BBEFAA5D90E /* Pods-oonishiReonKadai14.debug.xcconfig */ = {isa = PBXFileReference; includeInIndex = 1; lastKnownFileType = text.xcconfig; name = "Pods-oonishiReonKadai14.debug.xcconfig"; path = "Target Support Files/Pods-oonishiReonKadai14/Pods-oonishiReonKadai14.debug.xcconfig"; sourceTree = "<group>"; };
		4310AAD9351274D7EFCFB15D /* Pods-oonishiReonKadai14.release.xcconfig */ = {isa = PBXFileReference; includeInIndex = 1; lastKnownFileType = text.xcconfig; name = "Pods-oonishiReonKadai14.release.xcconfig"; path = "Target Support Files/Pods-oonishiReonKadai14/Pods-oonishiReonKadai14.release.xcconfig"; sourceTree = "<group>"; };
		AB13ED5826BBB3A3002F56FF /* oonishiReonKadai14.app */ = {isa = PBXFileReference; explicitFileType = wrapper.application; includeInIndex = 0; path = oonishiReonKadai14.app; sourceTree = BUILT_PRODUCTS_DIR; };
		AB13ED5B26BBB3A3002F56FF /* AppDelegate.swift */ = {isa = PBXFileReference; lastKnownFileType = sourcecode.swift; path = AppDelegate.swift; sourceTree = "<group>"; };
		AB13ED5D26BBB3A3002F56FF /* SceneDelegate.swift */ = {isa = PBXFileReference; lastKnownFileType = sourcecode.swift; path = SceneDelegate.swift; sourceTree = "<group>"; };
		AB13ED5F26BBB3A3002F56FF /* ViewController.swift */ = {isa = PBXFileReference; lastKnownFileType = sourcecode.swift; path = ViewController.swift; sourceTree = "<group>"; };
		AB13ED6226BBB3A3002F56FF /* Base */ = {isa = PBXFileReference; lastKnownFileType = file.storyboard; name = Base; path = Base.lproj/Main.storyboard; sourceTree = "<group>"; };
		AB13ED6426BBB3A4002F56FF /* Assets.xcassets */ = {isa = PBXFileReference; lastKnownFileType = folder.assetcatalog; path = Assets.xcassets; sourceTree = "<group>"; };
		AB13ED6726BBB3A4002F56FF /* Base */ = {isa = PBXFileReference; lastKnownFileType = file.storyboard; name = Base; path = Base.lproj/LaunchScreen.storyboard; sourceTree = "<group>"; };
		AB13ED6926BBB3A4002F56FF /* Info.plist */ = {isa = PBXFileReference; lastKnownFileType = text.plist.xml; path = Info.plist; sourceTree = "<group>"; };
		E76D3DABF9B72F378AE4B734 /* Pods_oonishiReonKadai14.framework */ = {isa = PBXFileReference; explicitFileType = wrapper.framework; includeInIndex = 0; path = Pods_oonishiReonKadai14.framework; sourceTree = BUILT_PRODUCTS_DIR; };
/* End PBXFileReference section */

/* Begin PBXFrameworksBuildPhase section */
		AB13ED5526BBB3A3002F56FF /* Frameworks */ = {
			isa = PBXFrameworksBuildPhase;
			buildActionMask = 2147483647;
			files = (
				B3EFD96EF9259183C3649D51 /* Pods_oonishiReonKadai14.framework in Frameworks */,
			);
			runOnlyForDeploymentPostprocessing = 0;
		};
/* End PBXFrameworksBuildPhase section */

/* Begin PBXGroup section */
		34F0A4655F18FAE2CBCD6735 /* Pods */ = {
			isa = PBXGroup;
			children = (
				142DA63AC4F17BBEFAA5D90E /* Pods-oonishiReonKadai14.debug.xcconfig */,
				4310AAD9351274D7EFCFB15D /* Pods-oonishiReonKadai14.release.xcconfig */,
			);
			name = Pods;
			path = Pods;
			sourceTree = "<group>";
		};
		5448A6FE003F409E933AFF31 /* Frameworks */ = {
			isa = PBXGroup;
			children = (
				E76D3DABF9B72F378AE4B734 /* Pods_oonishiReonKadai14.framework */,
			);
			name = Frameworks;
			sourceTree = "<group>";
		};
		AB13ED4F26BBB3A3002F56FF = {
			isa = PBXGroup;
			children = (
				AB13ED5A26BBB3A3002F56FF /* oonishiReonKadai14 */,
				AB13ED5926BBB3A3002F56FF /* Products */,
				34F0A4655F18FAE2CBCD6735 /* Pods */,
				5448A6FE003F409E933AFF31 /* Frameworks */,
			);
			sourceTree = "<group>";
		};
		AB13ED5926BBB3A3002F56FF /* Products */ = {
			isa = PBXGroup;
			children = (
				AB13ED5826BBB3A3002F56FF /* oonishiReonKadai14.app */,
			);
			name = Products;
			sourceTree = "<group>";
		};
		AB13ED5A26BBB3A3002F56FF /* oonishiReonKadai14 */ = {
			isa = PBXGroup;
			children = (
				AB13ED5B26BBB3A3002F56FF /* AppDelegate.swift */,
				AB13ED5D26BBB3A3002F56FF /* SceneDelegate.swift */,
				AB13ED5F26BBB3A3002F56FF /* ViewController.swift */,
				AB13ED6126BBB3A3002F56FF /* Main.storyboard */,
				AB13ED6426BBB3A4002F56FF /* Assets.xcassets */,
				AB13ED6626BBB3A4002F56FF /* LaunchScreen.storyboard */,
				AB13ED6926BBB3A4002F56FF /* Info.plist */,
			);
			path = oonishiReonKadai14;
			sourceTree = "<group>";
		};
/* End PBXGroup section */

/* Begin PBXNativeTarget section */
		AB13ED5726BBB3A3002F56FF /* oonishiReonKadai14 */ = {
			isa = PBXNativeTarget;
			buildConfigurationList = AB13ED6C26BBB3A4002F56FF /* Build configuration list for PBXNativeTarget "oonishiReonKadai14" */;
			buildPhases = (
				650B2CBDAB432005E4A0048A /* [CP] Check Pods Manifest.lock */,
				AB13ED5426BBB3A3002F56FF /* Sources */,
				AB13ED5526BBB3A3002F56FF /* Frameworks */,
				AB13ED5626BBB3A3002F56FF /* Resources */,
				95771F96EC43E6E1EF5BC5BB /* [CP] Embed Pods Frameworks */,
			);
			buildRules = (
			);
			dependencies = (
			);
			name = oonishiReonKadai14;
			productName = oonishiReonKadai14;
			productReference = AB13ED5826BBB3A3002F56FF /* oonishiReonKadai14.app */;
			productType = "com.apple.product-type.application";
		};
/* End PBXNativeTarget section */

/* Begin PBXProject section */
		AB13ED5026BBB3A3002F56FF /* Project object */ = {
			isa = PBXProject;
			attributes = {
				LastSwiftUpdateCheck = 1250;
				LastUpgradeCheck = 1250;
				TargetAttributes = {
					AB13ED5726BBB3A3002F56FF = {
						CreatedOnToolsVersion = 12.5.1;
					};
				};
			};
			buildConfigurationList = AB13ED5326BBB3A3002F56FF /* Build configuration list for PBXProject "oonishiReonKadai14" */;
			compatibilityVersion = "Xcode 9.3";
			developmentRegion = en;
			hasScannedForEncodings = 0;
			knownRegions = (
				en,
				Base,
			);
			mainGroup = AB13ED4F26BBB3A3002F56FF;
			productRefGroup = AB13ED5926BBB3A3002F56FF /* Products */;
			projectDirPath = "";
			projectRoot = "";
			targets = (
				AB13ED5726BBB3A3002F56FF /* oonishiReonKadai14 */,
			);
		};
/* End PBXProject section */

/* Begin PBXResourcesBuildPhase section */
		AB13ED5626BBB3A3002F56FF /* Resources */ = {
			isa = PBXResourcesBuildPhase;
			buildActionMask = 2147483647;
			files = (
				AB13ED6826BBB3A4002F56FF /* LaunchScreen.storyboard in Resources */,
				AB13ED6526BBB3A4002F56FF /* Assets.xcassets in Resources */,
				AB13ED6326BBB3A3002F56FF /* Main.storyboard in Resources */,
			);
			runOnlyForDeploymentPostprocessing = 0;
		};
/* End PBXResourcesBuildPhase section */

/* Begin PBXShellScriptBuildPhase section */
		650B2CBDAB432005E4A0048A /* [CP] Check Pods Manifest.lock */ = {
			isa = PBXShellScriptBuildPhase;
			buildActionMask = 2147483647;
			files = (
			);
			inputFileListPaths = (
			);
			inputPaths = (
				"${PODS_PODFILE_DIR_PATH}/Podfile.lock",
				"${PODS_ROOT}/Manifest.lock",
			);
			name = "[CP] Check Pods Manifest.lock";
			outputFileListPaths = (
			);
			outputPaths = (
				"$(DERIVED_FILE_DIR)/Pods-oonishiReonKadai14-checkManifestLockResult.txt",
			);
			runOnlyForDeploymentPostprocessing = 0;
			shellPath = /bin/sh;
			shellScript = "diff \"${PODS_PODFILE_DIR_PATH}/Podfile.lock\" \"${PODS_ROOT}/Manifest.lock\" > /dev/null\nif [ $? != 0 ] ; then\n    # print error to STDERR\n    echo \"error: The sandbox is not in sync with the Podfile.lock. Run 'pod install' or update your CocoaPods installation.\" >&2\n    exit 1\nfi\n# This output is used by Xcode 'outputs' to avoid re-running this script phase.\necho \"SUCCESS\" > \"${SCRIPT_OUTPUT_FILE_0}\"\n";
			showEnvVarsInLog = 0;
		};
		95771F96EC43E6E1EF5BC5BB /* [CP] Embed Pods Frameworks */ = {
			isa = PBXShellScriptBuildPhase;
			buildActionMask = 2147483647;
			files = (
			);
			inputFileListPaths = (
				"${PODS_ROOT}/Target Support Files/Pods-oonishiReonKadai14/Pods-oonishiReonKadai14-frameworks-${CONFIGURATION}-input-files.xcfilelist",
			);
			name = "[CP] Embed Pods Frameworks";
			outputFileListPaths = (
				"${PODS_ROOT}/Target Support Files/Pods-oonishiReonKadai14/Pods-oonishiReonKadai14-frameworks-${CONFIGURATION}-output-files.xcfilelist",
			);
			runOnlyForDeploymentPostprocessing = 0;
			shellPath = /bin/sh;
			shellScript = "\"${PODS_ROOT}/Target Support Files/Pods-oonishiReonKadai14/Pods-oonishiReonKadai14-frameworks.sh\"\n";
			showEnvVarsInLog = 0;
		};
/* End PBXShellScriptBuildPhase section */

/* Begin PBXSourcesBuildPhase section */
		AB13ED5426BBB3A3002F56FF /* Sources */ = {
			isa = PBXSourcesBuildPhase;
			buildActionMask = 2147483647;
			files = (
				AB13ED6026BBB3A3002F56FF /* ViewController.swift in Sources */,
				AB13ED5C26BBB3A3002F56FF /* AppDelegate.swift in Sources */,
				AB13ED5E26BBB3A3002F56FF /* SceneDelegate.swift in Sources */,
			);
			runOnlyForDeploymentPostprocessing = 0;
		};
/* End PBXSourcesBuildPhase section */

/* Begin PBXVariantGroup section */
		AB13ED6126BBB3A3002F56FF /* Main.storyboard */ = {
			isa = PBXVariantGroup;
			children = (
				AB13ED6226BBB3A3002F56FF /* Base */,
			);
			name = Main.storyboard;
			sourceTree = "<group>";
		};
		AB13ED6626BBB3A4002F56FF /* LaunchScreen.storyboard */ = {
			isa = PBXVariantGroup;
			children = (
				AB13ED6726BBB3A4002F56FF /* Base */,
			);
			name = LaunchScreen.storyboard;
			sourceTree = "<group>";
		};
/* End PBXVariantGroup section */

/* Begin XCBuildConfiguration section */
		AB13ED6A26BBB3A4002F56FF /* Debug */ = {
			isa = XCBuildConfiguration;
			buildSettings = {
				ALWAYS_SEARCH_USER_PATHS = NO;
				CLANG_ANALYZER_NONNULL = YES;
				CLANG_ANALYZER_NUMBER_OBJECT_CONVERSION = YES_AGGRESSIVE;
				CLANG_CXX_LANGUAGE_STANDARD = "gnu++14";
				CLANG_CXX_LIBRARY = "libc++";
				CLANG_ENABLE_MODULES = YES;
				CLANG_ENABLE_OBJC_ARC = YES;
				CLANG_ENABLE_OBJC_WEAK = YES;
				CLANG_WARN_BLOCK_CAPTURE_AUTORELEASING = YES;
				CLANG_WARN_BOOL_CONVERSION = YES;
				CLANG_WARN_COMMA = YES;
				CLANG_WARN_CONSTANT_CONVERSION = YES;
				CLANG_WARN_DEPRECATED_OBJC_IMPLEMENTATIONS = YES;
				CLANG_WARN_DIRECT_OBJC_ISA_USAGE = YES_ERROR;
				CLANG_WARN_DOCUMENTATION_COMMENTS = YES;
				CLANG_WARN_EMPTY_BODY = YES;
				CLANG_WARN_ENUM_CONVERSION = YES;
				CLANG_WARN_INFINITE_RECURSION = YES;
				CLANG_WARN_INT_CONVERSION = YES;
				CLANG_WARN_NON_LITERAL_NULL_CONVERSION = YES;
				CLANG_WARN_OBJC_IMPLICIT_RETAIN_SELF = YES;
				CLANG_WARN_OBJC_LITERAL_CONVERSION = YES;
				CLANG_WARN_OBJC_ROOT_CLASS = YES_ERROR;
				CLANG_WARN_QUOTED_INCLUDE_IN_FRAMEWORK_HEADER = YES;
				CLANG_WARN_RANGE_LOOP_ANALYSIS = YES;
				CLANG_WARN_STRICT_PROTOTYPES = YES;
				CLANG_WARN_SUSPICIOUS_MOVE = YES;
				CLANG_WARN_UNGUARDED_AVAILABILITY = YES_AGGRESSIVE;
				CLANG_WARN_UNREACHABLE_CODE = YES;
				CLANG_WARN__DUPLICATE_METHOD_MATCH = YES;
				COPY_PHASE_STRIP = NO;
				DEBUG_INFORMATION_FORMAT = dwarf;
				ENABLE_STRICT_OBJC_MSGSEND = YES;
				ENABLE_TESTABILITY = YES;
				GCC_C_LANGUAGE_STANDARD = gnu11;
				GCC_DYNAMIC_NO_PIC = NO;
				GCC_NO_COMMON_BLOCKS = YES;
				GCC_OPTIMIZATION_LEVEL = 0;
				GCC_PREPROCESSOR_DEFINITIONS = (
					"DEBUG=1",
					"$(inherited)",
				);
				GCC_WARN_64_TO_32_BIT_CONVERSION = YES;
				GCC_WARN_ABOUT_RETURN_TYPE = YES_ERROR;
				GCC_WARN_UNDECLARED_SELECTOR = YES;
				GCC_WARN_UNINITIALIZED_AUTOS = YES_AGGRESSIVE;
				GCC_WARN_UNUSED_FUNCTION = YES;
				GCC_WARN_UNUSED_VARIABLE = YES;
				IPHONEOS_DEPLOYMENT_TARGET = 14.5;
				MTL_ENABLE_DEBUG_INFO = INCLUDE_SOURCE;
				MTL_FAST_MATH = YES;
				ONLY_ACTIVE_ARCH = YES;
				SDKROOT = iphoneos;
				SWIFT_ACTIVE_COMPILATION_CONDITIONS = DEBUG;
				SWIFT_OPTIMIZATION_LEVEL = "-Onone";
			};
			name = Debug;
		};
		AB13ED6B26BBB3A4002F56FF /* Release */ = {
			isa = XCBuildConfiguration;
			buildSettings = {
				ALWAYS_SEARCH_USER_PATHS = NO;
				CLANG_ANALYZER_NONNULL = YES;
				CLANG_ANALYZER_NUMBER_OBJECT_CONVERSION = YES_AGGRESSIVE;
				CLANG_CXX_LANGUAGE_STANDARD = "gnu++14";
				CLANG_CXX_LIBRARY = "libc++";
				CLANG_ENABLE_MODULES = YES;
				CLANG_ENABLE_OBJC_ARC = YES;
				CLANG_ENABLE_OBJC_WEAK = YES;
				CLANG_WARN_BLOCK_CAPTURE_AUTORELEASING = YES;
				CLANG_WARN_BOOL_CONVERSION = YES;
				CLANG_WARN_COMMA = YES;
				CLANG_WARN_CONSTANT_CONVERSION = YES;
				CLANG_WARN_DEPRECATED_OBJC_IMPLEMENTATIONS = YES;
				CLANG_WARN_DIRECT_OBJC_ISA_USAGE = YES_ERROR;
				CLANG_WARN_DOCUMENTATION_COMMENTS = YES;
				CLANG_WARN_EMPTY_BODY = YES;
				CLANG_WARN_ENUM_CONVERSION = YES;
				CLANG_WARN_INFINITE_RECURSION = YES;
				CLANG_WARN_INT_CONVERSION = YES;
				CLANG_WARN_NON_LITERAL_NULL_CONVERSION = YES;
				CLANG_WARN_OBJC_IMPLICIT_RETAIN_SELF = YES;
				CLANG_WARN_OBJC_LITERAL_CONVERSION = YES;
				CLANG_WARN_OBJC_ROOT_CLASS = YES_ERROR;
				CLANG_WARN_QUOTED_INCLUDE_IN_FRAMEWORK_HEADER = YES;
				CLANG_WARN_RANGE_LOOP_ANALYSIS = YES;
				CLANG_WARN_STRICT_PROTOTYPES = YES;
				CLANG_WARN_SUSPICIOUS_MOVE = YES;
				CLANG_WARN_UNGUARDED_AVAILABILITY = YES_AGGRESSIVE;
				CLANG_WARN_UNREACHABLE_CODE = YES;
				CLANG_WARN__DUPLICATE_METHOD_MATCH = YES;
				COPY_PHASE_STRIP = NO;
				DEBUG_INFORMATION_FORMAT = "dwarf-with-dsym";
				ENABLE_NS_ASSERTIONS = NO;
				ENABLE_STRICT_OBJC_MSGSEND = YES;
				GCC_C_LANGUAGE_STANDARD = gnu11;
				GCC_NO_COMMON_BLOCKS = YES;
				GCC_WARN_64_TO_32_BIT_CONVERSION = YES;
				GCC_WARN_ABOUT_RETURN_TYPE = YES_ERROR;
				GCC_WARN_UNDECLARED_SELECTOR = YES;
				GCC_WARN_UNINITIALIZED_AUTOS = YES_AGGRESSIVE;
				GCC_WARN_UNUSED_FUNCTION = YES;
				GCC_WARN_UNUSED_VARIABLE = YES;
				IPHONEOS_DEPLOYMENT_TARGET = 14.5;
				MTL_ENABLE_DEBUG_INFO = NO;
				MTL_FAST_MATH = YES;
				SDKROOT = iphoneos;
				SWIFT_COMPILATION_MODE = wholemodule;
				SWIFT_OPTIMIZATION_LEVEL = "-O";
				VALIDATE_PRODUCT = YES;
			};
			name = Release;
		};
		AB13ED6D26BBB3A4002F56FF /* Debug */ = {
			isa = XCBuildConfiguration;
			baseConfigurationReference = 142DA63AC4F17BBEFAA5D90E /* Pods-oonishiReonKadai14.debug.xcconfig */;
			buildSettings = {
				ASSETCATALOG_COMPILER_APPICON_NAME = AppIcon;
				ASSETCATALOG_COMPILER_GLOBAL_ACCENT_COLOR_NAME = AccentColor;
				CODE_SIGN_STYLE = Automatic;
				DEVELOPMENT_TEAM = 242KS3V77L;
				INFOPLIST_FILE = oonishiReonKadai14/Info.plist;
				LD_RUNPATH_SEARCH_PATHS = (
					"$(inherited)",
					"@executable_path/Frameworks",
				);
				PRODUCT_BUNDLE_IDENTIFIER = oonishireon.oonishiReonKadai14;
				PRODUCT_NAME = "$(TARGET_NAME)";
				SWIFT_VERSION = 5.0;
				TARGETED_DEVICE_FAMILY = "1,2";
			};
			name = Debug;
		};
		AB13ED6E26BBB3A4002F56FF /* Release */ = {
			isa = XCBuildConfiguration;
			baseConfigurationReference = 4310AAD9351274D7EFCFB15D /* Pods-oonishiReonKadai14.release.xcconfig */;
			buildSettings = {
				ASSETCATALOG_COMPILER_APPICON_NAME = AppIcon;
				ASSETCATALOG_COMPILER_GLOBAL_ACCENT_COLOR_NAME = AccentColor;
				CODE_SIGN_STYLE = Automatic;
				DEVELOPMENT_TEAM = 242KS3V77L;
				INFOPLIST_FILE = oonishiReonKadai14/Info.plist;
				LD_RUNPATH_SEARCH_PATHS = (
					"$(inherited)",
					"@executable_path/Frameworks",
				);
				PRODUCT_BUNDLE_IDENTIFIER = oonishireon.oonishiReonKadai14;
				PRODUCT_NAME = "$(TARGET_NAME)";
				SWIFT_VERSION = 5.0;
				TARGETED_DEVICE_FAMILY = "1,2";
			};
			name = Release;
		};
/* End XCBuildConfiguration section */

/* Begin XCConfigurationList section */
		AB13ED5326BBB3A3002F56FF /* Build configuration list for PBXProject "oonishiReonKadai14" */ = {
			isa = XCConfigurationList;
			buildConfigurations = (
				AB13ED6A26BBB3A4002F56FF /* Debug */,
				AB13ED6B26BBB3A4002F56FF /* Release */,
			);
			defaultConfigurationIsVisible = 0;
			defaultConfigurationName = Release;
		};
		AB13ED6C26BBB3A4002F56FF /* Build configuration list for PBXNativeTarget "oonishiReonKadai14" */ = {
			isa = XCConfigurationList;
			buildConfigurations = (
				AB13ED6D26BBB3A4002F56FF /* Debug */,
				AB13ED6E26BBB3A4002F56FF /* Release */,
			);
			defaultConfigurationIsVisible = 0;
			defaultConfigurationName = Release;
		};
/* End XCConfigurationList section */
	};
	rootObject = AB13ED5026BBB3A3002F56FF /* Project object */;
}
